// !$*UTF8*$!
{
	archiveVersion = 1;
	classes = {
	};
	objectVersion = 77;
	objects = {

/* Begin PBXBuildFile section */
		026DDAC9721DA144ED18D1E1 /* HabitTrackerWidget.appex in Embed Foundation Extensions */ = {isa = PBXBuildFile; fileRef = CCD60F3DA66C4CB96DD2150E /* HabitTrackerWidget.appex */; settings = {ATTRIBUTES = (RemoveHeadersOnCopy, ); }; };
		06229E6CD0514F38EAA6C050 /* SetupView.swift in Sources */ = {isa = PBXBuildFile; fileRef = E65D9A93A7950AB7BC9420AA /* SetupView.swift */; };
		3D8EB68E6BEFFB2D06BDE088 /* HabitStore.swift in Sources */ = {isa = PBXBuildFile; fileRef = F3AFDFF82909FFBE21DB4728 /* HabitStore.swift */; };
		53BC808B8CE9C9FD4BA38EC6 /* HabitStore.swift in Sources */ = {isa = PBXBuildFile; fileRef = F3AFDFF82909FFBE21DB4728 /* HabitStore.swift */; };
		5AE48D27D48233FC1312DA8E /* HabitWidget.swift in Sources */ = {isa = PBXBuildFile; fileRef = B92F4DF0416476D8F4F4EFDE /* HabitWidget.swift */; };
		6F6E943814DA48CCBC24E75D /* NotificationManager.swift in Sources */ = {isa = PBXBuildFile; fileRef = 2C5184D23EC896C88EDCF4B8 /* NotificationManager.swift */; };
		735897416870E9F0F0D498AE /* WidgetView.swift in Sources */ = {isa = PBXBuildFile; fileRef = B8BE58734CEAAEB6E8A67B2C /* WidgetView.swift */; };
		8FD490931E9356CD4D7E247D /* HabitTrackerApp.swift in Sources */ = {isa = PBXBuildFile; fileRef = 004D5DF10775A860CE77FD04 /* HabitTrackerApp.swift */; };
		A98CF81906ADD0B56609BD7A /* LogCheckInIntent.swift in Sources */ = {isa = PBXBuildFile; fileRef = A02FB0FD43D359C8DC4B308F /* LogCheckInIntent.swift */; };
		B606B27446DD09091083AD34 /* HabitStoreTests.swift in Sources */ = {isa = PBXBuildFile; fileRef = 09429D32D41DE3FD38B35124 /* HabitStoreTests.swift */; };
		FB651FB0FEAB405C83A600BA /* ContentView.swift in Sources */ = {isa = PBXBuildFile; fileRef = D05700D6BAF047A08FEFD53F /* ContentView.swift */; };
/* End PBXBuildFile section */

/* Begin PBXContainerItemProxy section */
		355BA69ECE66FEABAE1203A0 /* PBXContainerItemProxy */ = {
			isa = PBXContainerItemProxy;
			containerPortal = E45E78256CA0A7B0829E02D1 /* Project object */;
			proxyType = 1;
			remoteGlobalIDString = 9E0E00F5452D1AB276ADAA3F;
			remoteInfo = HabitTracker;
		};
		89419ED0902C87BBD23EC320 /* PBXContainerItemProxy */ = {
			isa = PBXContainerItemProxy;
			containerPortal = E45E78256CA0A7B0829E02D1 /* Project object */;
			proxyType = 1;
			remoteGlobalIDString = BFE92C988F7B45F1443B790D;
			remoteInfo = HabitTrackerWidget;
		};
/* End PBXContainerItemProxy section */

/* Begin PBXCopyFilesBuildPhase section */
		A6174A03BBDB4C3604B92E5D /* Embed Foundation Extensions */ = {
			isa = PBXCopyFilesBuildPhase;
			buildActionMask = 2147483647;
			dstPath = "";
			dstSubfolderSpec = 13;
			files = (
				026DDAC9721DA144ED18D1E1 /* HabitTrackerWidget.appex in Embed Foundation Extensions */,
			);
			name = "Embed Foundation Extensions";
			runOnlyForDeploymentPostprocessing = 0;
		};
/* End PBXCopyFilesBuildPhase section */

/* Begin PBXFileReference section */
		004D5DF10775A860CE77FD04 /* HabitTrackerApp.swift */ = {isa = PBXFileReference; lastKnownFileType = sourcecode.swift; path = HabitTrackerApp.swift; sourceTree = "<group>"; };
		09429D32D41DE3FD38B35124 /* HabitStoreTests.swift */ = {isa = PBXFileReference; lastKnownFileType = sourcecode.swift; path = HabitStoreTests.swift; sourceTree = "<group>"; };
		2C5184D23EC896C88EDCF4B8 /* NotificationManager.swift */ = {isa = PBXFileReference; lastKnownFileType = sourcecode.swift; path = NotificationManager.swift; sourceTree = "<group>"; };
		934C18A7F2EB31512CEB4A4E /* HabitTracker.app */ = {isa = PBXFileReference; explicitFileType = wrapper.application; includeInIndex = 0; path = HabitTracker.app; sourceTree = BUILT_PRODUCTS_DIR; };
		A02FB0FD43D359C8DC4B308F /* LogCheckInIntent.swift */ = {isa = PBXFileReference; lastKnownFileType = sourcecode.swift; path = LogCheckInIntent.swift; sourceTree = "<group>"; };
		A23F8410FFD146F6B134A267 /* HabitTrackerTests.xctest */ = {isa = PBXFileReference; explicitFileType = wrapper.cfbundle; includeInIndex = 0; path = HabitTrackerTests.xctest; sourceTree = BUILT_PRODUCTS_DIR; };
		AE8AB97114F36FDF25A90A82 /* HabitTrackerWidget.entitlements */ = {isa = PBXFileReference; lastKnownFileType = text.plist.entitlements; path = HabitTrackerWidget.entitlements; sourceTree = "<group>"; };
		B8BE58734CEAAEB6E8A67B2C /* WidgetView.swift */ = {isa = PBXFileReference; lastKnownFileType = sourcecode.swift; path = WidgetView.swift; sourceTree = "<group>"; };
		B92F4DF0416476D8F4F4EFDE /* HabitWidget.swift */ = {isa = PBXFileReference; lastKnownFileType = sourcecode.swift; path = HabitWidget.swift; sourceTree = "<group>"; };
		CCD60F3DA66C4CB96DD2150E /* HabitTrackerWidget.appex */ = {isa = PBXFileReference; explicitFileType = "wrapper.app-extension"; includeInIndex = 0; path = HabitTrackerWidget.appex; sourceTree = BUILT_PRODUCTS_DIR; };
		D05700D6BAF047A08FEFD53F /* ContentView.swift */ = {isa = PBXFileReference; lastKnownFileType = sourcecode.swift; path = ContentView.swift; sourceTree = "<group>"; };
		D0717C8B1F8B2B71DAFDF675 /* HabitTracker.entitlements */ = {isa = PBXFileReference; lastKnownFileType = text.plist.entitlements; path = HabitTracker.entitlements; sourceTree = "<group>"; };
		D2F7D0902CF3C29F0640A516 /* Info.plist */ = {isa = PBXFileReference; lastKnownFileType = text.plist; path = Info.plist; sourceTree = "<group>"; };
		E65D9A93A7950AB7BC9420AA /* SetupView.swift */ = {isa = PBXFileReference; lastKnownFileType = sourcecode.swift; path = SetupView.swift; sourceTree = "<group>"; };
		F3AFDFF82909FFBE21DB4728 /* HabitStore.swift */ = {isa = PBXFileReference; lastKnownFileType = sourcecode.swift; path = HabitStore.swift; sourceTree = "<group>"; };
/* End PBXFileReference section */

/* Begin PBXGroup section */
		205CA1387EBF37732F8D43CC /* HabitTrackerTests */ = {
			isa = PBXGroup;
			children = (
				09429D32D41DE3FD38B35124 /* HabitStoreTests.swift */,
			);
			path = HabitTrackerTests;
			sourceTree = "<group>";
		};
		9C9D0BF25D7DE56F117F6DA2 /* HabitTracker */ = {
			isa = PBXGroup;
			children = (
				D05700D6BAF047A08FEFD53F /* ContentView.swift */,
				F3AFDFF82909FFBE21DB4728 /* HabitStore.swift */,
				D0717C8B1F8B2B71DAFDF675 /* HabitTracker.entitlements */,
				004D5DF10775A860CE77FD04 /* HabitTrackerApp.swift */,
				2C5184D23EC896C88EDCF4B8 /* NotificationManager.swift */,
				E65D9A93A7950AB7BC9420AA /* SetupView.swift */,
			);
			path = HabitTracker;
			sourceTree = "<group>";
		};
		B9C36B7A801831F51CC6A4D4 /* HabitTrackerWidget */ = {
			isa = PBXGroup;
			children = (
				AE8AB97114F36FDF25A90A82 /* HabitTrackerWidget.entitlements */,
				B92F4DF0416476D8F4F4EFDE /* HabitWidget.swift */,
				D2F7D0902CF3C29F0640A516 /* Info.plist */,
				A02FB0FD43D359C8DC4B308F /* LogCheckInIntent.swift */,
				B8BE58734CEAAEB6E8A67B2C /* WidgetView.swift */,
			);
			path = HabitTrackerWidget;
			sourceTree = "<group>";
		};
		BDC4DE8D6609AA3C6B2338F1 /* Products */ = {
			isa = PBXGroup;
			children = (
				934C18A7F2EB31512CEB4A4E /* HabitTracker.app */,
				A23F8410FFD146F6B134A267 /* HabitTrackerTests.xctest */,
				CCD60F3DA66C4CB96DD2150E /* HabitTrackerWidget.appex */,
			);
			name = Products;
			sourceTree = "<group>";
		};
		D6ECF9B08F98D87F6F44C8AD = {
			isa = PBXGroup;
			children = (
				9C9D0BF25D7DE56F117F6DA2 /* HabitTracker */,
				205CA1387EBF37732F8D43CC /* HabitTrackerTests */,
				B9C36B7A801831F51CC6A4D4 /* HabitTrackerWidget */,
				BDC4DE8D6609AA3C6B2338F1 /* Products */,
			);
			sourceTree = "<group>";
		};
/* End PBXGroup section */

/* Begin PBXNativeTarget section */
		9E0E00F5452D1AB276ADAA3F /* HabitTracker */ = {
			isa = PBXNativeTarget;
			buildConfigurationList = 15BD32C286F29901DB14CA1F /* Build configuration list for PBXNativeTarget "HabitTracker" */;
			buildPhases = (
				D6C29FDFD6FF722BF6177787 /* Sources */,
				A6174A03BBDB4C3604B92E5D /* Embed Foundation Extensions */,
			);
			buildRules = (
			);
			dependencies = (
				4E49A4716CAE0286DDF3B2FC /* PBXTargetDependency */,
			);
			name = HabitTracker;
			packageProductDependencies = (
			);
			productName = HabitTracker;
			productReference = 934C18A7F2EB31512CEB4A4E /* HabitTracker.app */;
			productType = "com.apple.product-type.application";
		};
		B340C0C969207F301BAA1B19 /* HabitTrackerTests */ = {
			isa = PBXNativeTarget;
			buildConfigurationList = 84311C143F740D7802A63C7D /* Build configuration list for PBXNativeTarget "HabitTrackerTests" */;
			buildPhases = (
				236D512ECEE587906581DFE1 /* Sources */,
			);
			buildRules = (
			);
			dependencies = (
				62C9122989694653E4F454B0 /* PBXTargetDependency */,
			);
			name = HabitTrackerTests;
			packageProductDependencies = (
			);
			productName = HabitTrackerTests;
			productReference = A23F8410FFD146F6B134A267 /* HabitTrackerTests.xctest */;
			productType = "com.apple.product-type.bundle.unit-test";
		};
		BFE92C988F7B45F1443B790D /* HabitTrackerWidget */ = {
			isa = PBXNativeTarget;
			buildConfigurationList = D6363D343C8AD599040D6819 /* Build configuration list for PBXNativeTarget "HabitTrackerWidget" */;
			buildPhases = (
				D0854E463B9AD8A738F28A07 /* Sources */,
			);
			buildRules = (
			);
			dependencies = (
			);
			name = HabitTrackerWidget;
			packageProductDependencies = (
			);
			productName = HabitTrackerWidget;
			productReference = CCD60F3DA66C4CB96DD2150E /* HabitTrackerWidget.appex */;
			productType = "com.apple.product-type.app-extension";
		};
/* End PBXNativeTarget section */

/* Begin PBXProject section */
		E45E78256CA0A7B0829E02D1 /* Project object */ = {
			isa = PBXProject;
			attributes = {
				BuildIndependentTargetsInParallel = YES;
				LastUpgradeCheck = 1430;
			};
			buildConfigurationList = 0C4671CC9F1D8325FB71B481 /* Build configuration list for PBXProject "HabitTracker" */;
			developmentRegion = en;
			hasScannedForEncodings = 0;
			knownRegions = (
				Base,
				en,
			);
			mainGroup = D6ECF9B08F98D87F6F44C8AD;
			minimizedProjectReferenceProxies = 1;
			preferredProjectObjectVersion = 77;
			productRefGroup = BDC4DE8D6609AA3C6B2338F1 /* Products */;
			projectDirPath = "";
			projectRoot = "";
			targets = (
				9E0E00F5452D1AB276ADAA3F /* HabitTracker */,
				B340C0C969207F301BAA1B19 /* HabitTrackerTests */,
				BFE92C988F7B45F1443B790D /* HabitTrackerWidget */,
			);
		};
/* End PBXProject section */

/* Begin PBXSourcesBuildPhase section */
		236D512ECEE587906581DFE1 /* Sources */ = {
			isa = PBXSourcesBuildPhase;
			buildActionMask = 2147483647;
			files = (
				B606B27446DD09091083AD34 /* HabitStoreTests.swift in Sources */,
			);
			runOnlyForDeploymentPostprocessing = 0;
		};
		D0854E463B9AD8A738F28A07 /* Sources */ = {
			isa = PBXSourcesBuildPhase;
			buildActionMask = 2147483647;
			files = (
				3D8EB68E6BEFFB2D06BDE088 /* HabitStore.swift in Sources */,
				5AE48D27D48233FC1312DA8E /* HabitWidget.swift in Sources */,
				A98CF81906ADD0B56609BD7A /* LogCheckInIntent.swift in Sources */,
				735897416870E9F0F0D498AE /* WidgetView.swift in Sources */,
			);
			runOnlyForDeploymentPostprocessing = 0;
		};
		D6C29FDFD6FF722BF6177787 /* Sources */ = {
			isa = PBXSourcesBuildPhase;
			buildActionMask = 2147483647;
			files = (
				FB651FB0FEAB405C83A600BA /* ContentView.swift in Sources */,
				53BC808B8CE9C9FD4BA38EC6 /* HabitStore.swift in Sources */,
				8FD490931E9356CD4D7E247D /* HabitTrackerApp.swift in Sources */,
				6F6E943814DA48CCBC24E75D /* NotificationManager.swift in Sources */,
				06229E6CD0514F38EAA6C050 /* SetupView.swift in Sources */,
			);
			runOnlyForDeploymentPostprocessing = 0;
		};
/* End PBXSourcesBuildPhase section */

/* Begin PBXTargetDependency section */
		4E49A4716CAE0286DDF3B2FC /* PBXTargetDependency */ = {
			isa = PBXTargetDependency;
			target = BFE92C988F7B45F1443B790D /* HabitTrackerWidget */;
			targetProxy = 89419ED0902C87BBD23EC320 /* PBXContainerItemProxy */;
		};
		62C9122989694653E4F454B0 /* PBXTargetDependency */ = {
			isa = PBXTargetDependency;
			target = 9E0E00F5452D1AB276ADAA3F /* HabitTracker */;
			targetProxy = 355BA69ECE66FEABAE1203A0 /* PBXContainerItemProxy */;
		};
/* End PBXTargetDependency section */

/* Begin XCBuildConfiguration section */
		030A2B98038AA2CA8C1C617E /* Debug */ = {
			isa = XCBuildConfiguration;
			buildSettings = {
				CODE_SIGN_ENTITLEMENTS = HabitTrackerWidget/HabitTrackerWidget.entitlements;
				DEVELOPMENT_TEAM = MV3PS2YT33;
				INFOPLIST_FILE = HabitTrackerWidget/Info.plist;
				IPHONEOS_DEPLOYMENT_TARGET = 17.0;
				LD_RUNPATH_SEARCH_PATHS = (
					"$(inherited)",
					"@executable_path/Frameworks",
					"@executable_path/../../Frameworks",
				);
				PRODUCT_BUNDLE_IDENTIFIER = com.ananth.habittracker.widget;
				SDKROOT = iphoneos;
				SKIP_INSTALL = YES;
				TARGETED_DEVICE_FAMILY = 1;
			};
			name = Debug;
		};
		3789F377332BFE621A8243FC /* Debug */ = {
			isa = XCBuildConfiguration;
			buildSettings = {
				ASSETCATALOG_COMPILER_APPICON_NAME = AppIcon;
				CODE_SIGN_ENTITLEMENTS = HabitTracker/HabitTracker.entitlements;
				CODE_SIGN_IDENTITY = "iPhone Developer";
				DEVELOPMENT_TEAM = MV3PS2YT33;
				GENERATE_INFOPLIST_FILE = YES;
				INFOPLIST_KEY_CFBundleDisplayName = HabitTracker;
				INFOPLIST_KEY_NSUserNotificationsUsageDescription = "Send daily habit reminders.";
				INFOPLIST_KEY_UILaunchScreen_Generation = YES;
				INFOPLIST_KEY_UISupportedInterfaceOrientations_iPhone = UIInterfaceOrientationPortrait;
				IPHONEOS_DEPLOYMENT_TARGET = 17.0;
				LD_RUNPATH_SEARCH_PATHS = (
					"$(inherited)",
					"@executable_path/Frameworks",
				);
				PRODUCT_BUNDLE_IDENTIFIER = com.ananth.habittracker;
				SDKROOT = iphoneos;
				TARGETED_DEVICE_FAMILY = 1;
			};
			name = Debug;
		};
		54CAA248C45D5AC68FCD253B /* Debug */ = {
			isa = XCBuildConfiguration;
			buildSettings = {
				ALWAYS_SEARCH_USER_PATHS = NO;
				CLANG_ANALYZER_NONNULL = YES;
				CLANG_ANALYZER_NUMBER_OBJECT_CONVERSION = YES_AGGRESSIVE;
				CLANG_CXX_LANGUAGE_STANDARD = "gnu++14";
				CLANG_CXX_LIBRARY = "libc++";
				CLANG_ENABLE_MODULES = YES;
				CLANG_ENABLE_OBJC_ARC = YES;
				CLANG_ENABLE_OBJC_WEAK = YES;
				CLANG_WARN_BLOCK_CAPTURE_AUTORELEASING = YES;
				CLANG_WARN_BOOL_CONVERSION = YES;
				CLANG_WARN_COMMA = YES;
				CLANG_WARN_CONSTANT_CONVERSION = YES;
				CLANG_WARN_DEPRECATED_OBJC_IMPLEMENTATIONS = YES;
				CLANG_WARN_DIRECT_OBJC_ISA_USAGE = YES_ERROR;
				CLANG_WARN_DOCUMENTATION_COMMENTS = YES;
				CLANG_WARN_EMPTY_BODY = YES;
				CLANG_WARN_ENUM_CONVERSION = YES;
				CLANG_WARN_INFINITE_RECURSION = YES;
				CLANG_WARN_INT_CONVERSION = YES;
				CLANG_WARN_NON_LITERAL_NULL_CONVERSION = YES;
				CLANG_WARN_OBJC_IMPLICIT_RETAIN_SELF = YES;
				CLANG_WARN_OBJC_LITERAL_CONVERSION = YES;
				CLANG_WARN_OBJC_ROOT_CLASS = YES_ERROR;
				CLANG_WARN_QUOTED_INCLUDE_IN_FRAMEWORK_HEADER = YES;
				CLANG_WARN_RANGE_LOOP_ANALYSIS = YES;
				CLANG_WARN_STRICT_PROTOTYPES = YES;
				CLANG_WARN_SUSPICIOUS_MOVE = YES;
				CLANG_WARN_UNGUARDED_AVAILABILITY = YES_AGGRESSIVE;
				CLANG_WARN_UNREACHABLE_CODE = YES;
				CLANG_WARN__DUPLICATE_METHOD_MATCH = YES;
				COPY_PHASE_STRIP = NO;
				DEBUG_INFORMATION_FORMAT = dwarf;
				ENABLE_STRICT_OBJC_MSGSEND = YES;
				ENABLE_TESTABILITY = YES;
				GCC_C_LANGUAGE_STANDARD = gnu11;
				GCC_DYNAMIC_NO_PIC = NO;
				GCC_NO_COMMON_BLOCKS = YES;
				GCC_OPTIMIZATION_LEVEL = 0;
				GCC_PREPROCESSOR_DEFINITIONS = (
					"$(inherited)",
					"DEBUG=1",
				);
				GCC_WARN_64_TO_32_BIT_CONVERSION = YES;
				GCC_WARN_ABOUT_RETURN_TYPE = YES_ERROR;
				GCC_WARN_UNDECLARED_SELECTOR = YES;
				GCC_WARN_UNINITIALIZED_AUTOS = YES_AGGRESSIVE;
				GCC_WARN_UNUSED_FUNCTION = YES;
				GCC_WARN_UNUSED_VARIABLE = YES;
				IPHONEOS_DEPLOYMENT_TARGET = 17.0;
				MTL_ENABLE_DEBUG_INFO = INCLUDE_SOURCE;
				MTL_FAST_MATH = YES;
				ONLY_ACTIVE_ARCH = YES;
				PRODUCT_NAME = "$(TARGET_NAME)";
				SDKROOT = iphoneos;
				SWIFT_ACTIVE_COMPILATION_CONDITIONS = DEBUG;
				SWIFT_OPTIMIZATION_LEVEL = "-Onone";
				SWIFT_VERSION = 5.9;
			};
			name = Debug;
		};
		8906BDEADDB4EC1C0043F70C /* Release */ = {
			isa = XCBuildConfiguration;
			buildSettings = {
				ASSETCATALOG_COMPILER_APPICON_NAME = AppIcon;
				CODE_SIGN_ENTITLEMENTS = HabitTracker/HabitTracker.entitlements;
				CODE_SIGN_IDENTITY = "iPhone Developer";
				DEVELOPMENT_TEAM = MV3PS2YT33;
				GENERATE_INFOPLIST_FILE = YES;
				INFOPLIST_KEY_CFBundleDisplayName = HabitTracker;
				INFOPLIST_KEY_NSUserNotificationsUsageDescription = "Send daily habit reminders.";
				INFOPLIST_KEY_UILaunchScreen_Generation = YES;
				INFOPLIST_KEY_UISupportedInterfaceOrientations_iPhone = UIInterfaceOrientationPortrait;
				IPHONEOS_DEPLOYMENT_TARGET = 17.0;
				LD_RUNPATH_SEARCH_PATHS = (
					"$(inherited)",
					"@executable_path/Frameworks",
				);
				PRODUCT_BUNDLE_IDENTIFIER = com.ananth.habittracker;
				SDKROOT = iphoneos;
				TARGETED_DEVICE_FAMILY = 1;
			};
			name = Release;
		};
		9E552701C37ED2D012D8EC13 /* Debug */ = {
			isa = XCBuildConfiguration;
			buildSettings = {
				BUNDLE_LOADER = "$(TEST_HOST)";
				DEVELOPMENT_TEAM = MV3PS2YT33;
				GENERATE_INFOPLIST_FILE = YES;
				IPHONEOS_DEPLOYMENT_TARGET = 17.0;
				LD_RUNPATH_SEARCH_PATHS = (
					"$(inherited)",
					"@executable_path/Frameworks",
					"@loader_path/Frameworks",
				);
				PRODUCT_BUNDLE_IDENTIFIER = com.ananth.habittracker.tests;
				SDKROOT = iphoneos;
				TARGETED_DEVICE_FAMILY = "1,2";
				TEST_HOST = "$(BUILT_PRODUCTS_DIR)/HabitTracker.app/HabitTracker";
			};
			name = Debug;
		};
		B56B3D10A9EE4F90CDFD3E02 /* Release */ = {
			isa = XCBuildConfiguration;
			buildSettings = {
				ALWAYS_SEARCH_USER_PATHS = NO;
				CLANG_ANALYZER_NONNULL = YES;
				CLANG_ANALYZER_NUMBER_OBJECT_CONVERSION = YES_AGGRESSIVE;
				CLANG_CXX_LANGUAGE_STANDARD = "gnu++14";
				CLANG_CXX_LIBRARY = "libc++";
				CLANG_ENABLE_MODULES = YES;
				CLANG_ENABLE_OBJC_ARC = YES;
				CLANG_ENABLE_OBJC_WEAK = YES;
				CLANG_WARN_BLOCK_CAPTURE_AUTORELEASING = YES;
				CLANG_WARN_BOOL_CONVERSION = YES;
				CLANG_WARN_COMMA = YES;
				CLANG_WARN_CONSTANT_CONVERSION = YES;
				CLANG_WARN_DEPRECATED_OBJC_IMPLEMENTATIONS = YES;
				CLANG_WARN_DIRECT_OBJC_ISA_USAGE = YES_ERROR;
				CLANG_WARN_DOCUMENTATION_COMMENTS = YES;
				CLANG_WARN_EMPTY_BODY = YES;
				CLANG_WARN_ENUM_CONVERSION = YES;
				CLANG_WARN_INFINITE_RECURSION = YES;
				CLANG_WARN_INT_CONVERSION = YES;
				CLANG_WARN_NON_LITERAL_NULL_CONVERSION = YES;
				CLANG_WARN_OBJC_IMPLICIT_RETAIN_SELF = YES;
				CLANG_WARN_OBJC_LITERAL_CONVERSION = YES;
				CLANG_WARN_OBJC_ROOT_CLASS = YES_ERROR;
				CLANG_WARN_QUOTED_INCLUDE_IN_FRAMEWORK_HEADER = YES;
				CLANG_WARN_RANGE_LOOP_ANALYSIS = YES;
				CLANG_WARN_STRICT_PROTOTYPES = YES;
				CLANG_WARN_SUSPICIOUS_MOVE = YES;
				CLANG_WARN_UNGUARDED_AVAILABILITY = YES_AGGRESSIVE;
				CLANG_WARN_UNREACHABLE_CODE = YES;
				CLANG_WARN__DUPLICATE_METHOD_MATCH = YES;
				COPY_PHASE_STRIP = NO;
				DEBUG_INFORMATION_FORMAT = "dwarf-with-dsym";
				ENABLE_NS_ASSERTIONS = NO;
				ENABLE_STRICT_OBJC_MSGSEND = YES;
				GCC_C_LANGUAGE_STANDARD = gnu11;
				GCC_NO_COMMON_BLOCKS = YES;
				GCC_WARN_64_TO_32_BIT_CONVERSION = YES;
				GCC_WARN_ABOUT_RETURN_TYPE = YES_ERROR;
				GCC_WARN_UNDECLARED_SELECTOR = YES;
				GCC_WARN_UNINITIALIZED_AUTOS = YES_AGGRESSIVE;
				GCC_WARN_UNUSED_FUNCTION = YES;
				GCC_WARN_UNUSED_VARIABLE = YES;
				IPHONEOS_DEPLOYMENT_TARGET = 17.0;
				MTL_ENABLE_DEBUG_INFO = NO;
				MTL_FAST_MATH = YES;
				PRODUCT_NAME = "$(TARGET_NAME)";
				SDKROOT = iphoneos;
				SWIFT_COMPILATION_MODE = wholemodule;
				SWIFT_OPTIMIZATION_LEVEL = "-O";
				SWIFT_VERSION = 5.9;
			};
			name = Release;
		};
		C8102244BFABFAC5B8B0DA17 /* Release */ = {
			isa = XCBuildConfiguration;
			buildSettings = {
				CODE_SIGN_ENTITLEMENTS = HabitTrackerWidget/HabitTrackerWidget.entitlements;
				DEVELOPMENT_TEAM = MV3PS2YT33;
				INFOPLIST_FILE = HabitTrackerWidget/Info.plist;
				IPHONEOS_DEPLOYMENT_TARGET = 17.0;
				LD_RUNPATH_SEARCH_PATHS = (
					"$(inherited)",
					"@executable_path/Frameworks",
					"@executable_path/../../Frameworks",
				);
				PRODUCT_BUNDLE_IDENTIFIER = com.ananth.habittracker.widget;
				SDKROOT = iphoneos;
				SKIP_INSTALL = YES;
				TARGETED_DEVICE_FAMILY = 1;
			};
			name = Release;
		};
		C83486518A584B025F416EAB /* Release */ = {
			isa = XCBuildConfiguration;
			buildSettings = {
				BUNDLE_LOADER = "$(TEST_HOST)";
				DEVELOPMENT_TEAM = MV3PS2YT33;
				GENERATE_INFOPLIST_FILE = YES;
				IPHONEOS_DEPLOYMENT_TARGET = 17.0;
				LD_RUNPATH_SEARCH_PATHS = (
					"$(inherited)",
					"@executable_path/Frameworks",
					"@loader_path/Frameworks",
				);
				PRODUCT_BUNDLE_IDENTIFIER = com.ananth.habittracker.tests;
				SDKROOT = iphoneos;
				TARGETED_DEVICE_FAMILY = "1,2";
				TEST_HOST = "$(BUILT_PRODUCTS_DIR)/HabitTracker.app/HabitTracker";
			};
			name = Release;
		};
/* End XCBuildConfiguration section */

/* Begin XCConfigurationList section */
		0C4671CC9F1D8325FB71B481 /* Build configuration list for PBXProject "HabitTracker" */ = {
			isa = XCConfigurationList;
			buildConfigurations = (
				54CAA248C45D5AC68FCD253B /* Debug */,
				B56B3D10A9EE4F90CDFD3E02 /* Release */,
			);
			defaultConfigurationIsVisible = 0;
			defaultConfigurationName = Debug;
		};
		15BD32C286F29901DB14CA1F /* Build configuration list for PBXNativeTarget "HabitTracker" */ = {
			isa = XCConfigurationList;
			buildConfigurations = (
				3789F377332BFE621A8243FC /* Debug */,
				8906BDEADDB4EC1C0043F70C /* Release */,
			);
			defaultConfigurationIsVisible = 0;
			defaultConfigurationName = Debug;
		};
		84311C143F740D7802A63C7D /* Build configuration list for PBXNativeTarget "HabitTrackerTests" */ = {
			isa = XCConfigurationList;
			buildConfigurations = (
				9E552701C37ED2D012D8EC13 /* Debug */,
				C83486518A584B025F416EAB /* Release */,
			);
			defaultConfigurationIsVisible = 0;
			defaultConfigurationName = Debug;
		};
		D6363D343C8AD599040D6819 /* Build configuration list for PBXNativeTarget "HabitTrackerWidget" */ = {
			isa = XCConfigurationList;
			buildConfigurations = (
				030A2B98038AA2CA8C1C617E /* Debug */,
				C8102244BFABFAC5B8B0DA17 /* Release */,
			);
			defaultConfigurationIsVisible = 0;
			defaultConfigurationName = Debug;
		};
/* End XCConfigurationList section */
	};
	rootObject = E45E78256CA0A7B0829E02D1 /* Project object */;
}
